
Microsoft Visual Studio Solution File, Format Version 12.00
# Visual Studio 15
VisualStudioVersion = 15.0.27130.2036
MinimumVisualStudioVersion = 10.0.40219.1
Project("{8BC9CEB8-8B4A-11D0-8D11-00A0C91BC942}") = "Lab2", "Lab2\Lab2.vcxproj", "{306433E5-E713-40DA-B0D1-7D3D9EE547F0}"
EndProject
Global
	GlobalSection(SolutionConfigurationPlatforms) = preSolution
		Debug|x64 = Debug|x64
		Debug|x86 = Debug|x86
		Release|x64 = Release|x64
		Release|x86 = Release|x86
	EndGlobalSection
	GlobalSection(ProjectConfigurationPlatforms) = postSolution
		{306433E5-E713-40DA-B0D1-7D3D9EE547F0}.Debug|x64.ActiveCfg = Debug|x64
		{306433E5-E713-40DA-B0D1-7D3D9EE547F0}.Debug|x64.Build.0 = Debug|x64
		{306433E5-E713-40DA-B0D1-7D3D9EE547F0}.Debug|x86.ActiveCfg = Debug|Win32
		{306433E5-E713-40DA-B0D1-7D3D9EE547F0}.Debug|x86.Build.0 = Debug|Win32
		{306433E5-E713-40DA-B0D1-7D3D9EE547F0}.Release|x64.ActiveCfg = Release|x64
		{306433E5-E713-40DA-B0D1-7D3D9EE547F0}.Release|x64.Build.0 = Release|x64
		{306433E5-E713-40DA-B0D1-7D3D9EE547F0}.Release|x86.ActiveCfg = Release|Win32
		{306433E5-E713-40DA-B0D1-7D3D9EE547F0}.Release|x86.Build.0 = Release|Win32
	EndGlobalSection
	GlobalSection(SolutionProperties) = preSolution
		HideSolutionNode = FALSE
	EndGlobalSection
	GlobalSection(ExtensibilityGlobals) = postSolution
		SolutionGuid = {1B7AE27E-AD06-4F0E-9749-C68C5AC8BDA3}
	EndGlobalSection
EndGlobal
